// !$*UTF8*$!
{
	archiveVersion = 1;
	classes = {
	};
	objectVersion = 50;
	objects = {

/* Begin PBXBuildFile section */
		AE51AE0E249FD6910040130C /* DataController.swift in Sources */ = {isa = PBXBuildFile; fileRef = AE51AE0D249FD6910040130C /* DataController.swift */; };
		AE51AE11249FD6C50040130C /* VirtualTourist.xcdatamodeld in Sources */ = {isa = PBXBuildFile; fileRef = AE51AE0F249FD6C50040130C /* VirtualTourist.xcdatamodeld */; };
		AE59162624AE217A0088E87C /* Constants.swift in Sources */ = {isa = PBXBuildFile; fileRef = AE59162524AE217A0088E87C /* Constants.swift */; };
		AE6571E824A6538800FDC8BF /* PhotoAlbumCollectionViewCell.swift in Sources */ = {isa = PBXBuildFile; fileRef = AE6571E724A6538800FDC8BF /* PhotoAlbumCollectionViewCell.swift */; };
		AE6571EA24A6585200FDC8BF /* API.swift in Sources */ = {isa = PBXBuildFile; fileRef = AE6571E924A6585200FDC8BF /* API.swift */; };
		AEAA390E24A3D96500BA7E81 /* PhotoAlbumViewController.swift in Sources */ = {isa = PBXBuildFile; fileRef = AEAA390D24A3D96500BA7E81 /* PhotoAlbumViewController.swift */; };
		AEBC3B0324AB0F3000960283 /* PhotoViewController.swift in Sources */ = {isa = PBXBuildFile; fileRef = AEBC3B0224AB0F3000960283 /* PhotoViewController.swift */; };
		AEE453002497F91400E9D488 /* AppDelegate.swift in Sources */ = {isa = PBXBuildFile; fileRef = AEE452FF2497F91400E9D488 /* AppDelegate.swift */; };
		AEE453022497F91400E9D488 /* SceneDelegate.swift in Sources */ = {isa = PBXBuildFile; fileRef = AEE453012497F91400E9D488 /* SceneDelegate.swift */; };
		AEE453042497F91400E9D488 /* MapViewController.swift in Sources */ = {isa = PBXBuildFile; fileRef = AEE453032497F91400E9D488 /* MapViewController.swift */; };
		AEE453072497F91400E9D488 /* Main.storyboard in Resources */ = {isa = PBXBuildFile; fileRef = AEE453052497F91400E9D488 /* Main.storyboard */; };
		AEE453092497F91800E9D488 /* Assets.xcassets in Resources */ = {isa = PBXBuildFile; fileRef = AEE453082497F91800E9D488 /* Assets.xcassets */; };
		AEE4530C2497F91800E9D488 /* LaunchScreen.storyboard in Resources */ = {isa = PBXBuildFile; fileRef = AEE4530A2497F91800E9D488 /* LaunchScreen.storyboard */; };
		AEE453172497F91800E9D488 /* Virtual_TouristTests.swift in Sources */ = {isa = PBXBuildFile; fileRef = AEE453162497F91800E9D488 /* Virtual_TouristTests.swift */; };
/* End PBXBuildFile section */

/* Begin PBXContainerItemProxy section */
		AEE453132497F91800E9D488 /* PBXContainerItemProxy */ = {
			isa = PBXContainerItemProxy;
			containerPortal = AEE452F42497F91400E9D488 /* Project object */;
			proxyType = 1;
			remoteGlobalIDString = AEE452FB2497F91400E9D488;
			remoteInfo = "Virtual Tourist";
		};
/* End PBXContainerItemProxy section */

/* Begin PBXFileReference section */
		AE51AE0D249FD6910040130C /* DataController.swift */ = {isa = PBXFileReference; lastKnownFileType = sourcecode.swift; path = DataController.swift; sourceTree = "<group>"; };
		AE51AE10249FD6C50040130C /* VirtualTourist.xcdatamodel */ = {isa = PBXFileReference; lastKnownFileType = wrapper.xcdatamodel; path = VirtualTourist.xcdatamodel; sourceTree = "<group>"; };
		AE59162524AE217A0088E87C /* Constants.swift */ = {isa = PBXFileReference; lastKnownFileType = sourcecode.swift; path = Constants.swift; sourceTree = "<group>"; };
		AE6571E724A6538800FDC8BF /* PhotoAlbumCollectionViewCell.swift */ = {isa = PBXFileReference; lastKnownFileType = sourcecode.swift; path = PhotoAlbumCollectionViewCell.swift; sourceTree = "<group>"; };
		AE6571E924A6585200FDC8BF /* API.swift */ = {isa = PBXFileReference; lastKnownFileType = sourcecode.swift; path = API.swift; sourceTree = "<group>"; };
		AEAA390D24A3D96500BA7E81 /* PhotoAlbumViewController.swift */ = {isa = PBXFileReference; lastKnownFileType = sourcecode.swift; path = PhotoAlbumViewController.swift; sourceTree = "<group>"; };
		AEBC3B0224AB0F3000960283 /* PhotoViewController.swift */ = {isa = PBXFileReference; lastKnownFileType = sourcecode.swift; path = PhotoViewController.swift; sourceTree = "<group>"; };
		AEE452FC2497F91400E9D488 /* Virtual Tourist.app */ = {isa = PBXFileReference; explicitFileType = wrapper.application; includeInIndex = 0; path = "Virtual Tourist.app"; sourceTree = BUILT_PRODUCTS_DIR; };
		AEE452FF2497F91400E9D488 /* AppDelegate.swift */ = {isa = PBXFileReference; lastKnownFileType = sourcecode.swift; path = AppDelegate.swift; sourceTree = "<group>"; };
		AEE453012497F91400E9D488 /* SceneDelegate.swift */ = {isa = PBXFileReference; lastKnownFileType = sourcecode.swift; path = SceneDelegate.swift; sourceTree = "<group>"; };
		AEE453032497F91400E9D488 /* MapViewController.swift */ = {isa = PBXFileReference; lastKnownFileType = sourcecode.swift; path = MapViewController.swift; sourceTree = "<group>"; };
		AEE453062497F91400E9D488 /* Base */ = {isa = PBXFileReference; lastKnownFileType = file.storyboard; name = Base; path = Base.lproj/Main.storyboard; sourceTree = "<group>"; };
		AEE453082497F91800E9D488 /* Assets.xcassets */ = {isa = PBXFileReference; lastKnownFileType = folder.assetcatalog; path = Assets.xcassets; sourceTree = "<group>"; };
		AEE4530B2497F91800E9D488 /* Base */ = {isa = PBXFileReference; lastKnownFileType = file.storyboard; name = Base; path = Base.lproj/LaunchScreen.storyboard; sourceTree = "<group>"; };
		AEE4530D2497F91800E9D488 /* Info.plist */ = {isa = PBXFileReference; lastKnownFileType = text.plist.xml; path = Info.plist; sourceTree = "<group>"; };
		AEE453122497F91800E9D488 /* Virtual TouristTests.xctest */ = {isa = PBXFileReference; explicitFileType = wrapper.cfbundle; includeInIndex = 0; path = "Virtual TouristTests.xctest"; sourceTree = BUILT_PRODUCTS_DIR; };
		AEE453162497F91800E9D488 /* Virtual_TouristTests.swift */ = {isa = PBXFileReference; lastKnownFileType = sourcecode.swift; path = Virtual_TouristTests.swift; sourceTree = "<group>"; };
		AEE453182497F91800E9D488 /* Info.plist */ = {isa = PBXFileReference; lastKnownFileType = text.plist.xml; path = Info.plist; sourceTree = "<group>"; };
/* End PBXFileReference section */

/* Begin PBXFrameworksBuildPhase section */
		AEE452F92497F91400E9D488 /* Frameworks */ = {
			isa = PBXFrameworksBuildPhase;
			buildActionMask = 2147483647;
			files = (
			);
			runOnlyForDeploymentPostprocessing = 0;
		};
		AEE4530F2497F91800E9D488 /* Frameworks */ = {
			isa = PBXFrameworksBuildPhase;
			buildActionMask = 2147483647;
			files = (
			);
			runOnlyForDeploymentPostprocessing = 0;
		};
/* End PBXFrameworksBuildPhase section */

/* Begin PBXGroup section */
		AE51AE0A249F7A1E0040130C /* Storyboards and assets */ = {
			isa = PBXGroup;
			children = (
				AEE453052497F91400E9D488 /* Main.storyboard */,
				AEE4530A2497F91800E9D488 /* LaunchScreen.storyboard */,
				AEE453082497F91800E9D488 /* Assets.xcassets */,
			);
			path = "Storyboards and assets";
			sourceTree = "<group>";
		};
		AE51AE0B249F7A4B0040130C /* Controllers */ = {
			isa = PBXGroup;
			children = (
				AEE453032497F91400E9D488 /* MapViewController.swift */,
				AEAA390D24A3D96500BA7E81 /* PhotoAlbumViewController.swift */,
				AEBC3B0224AB0F3000960283 /* PhotoViewController.swift */,
			);
			path = Controllers;
			sourceTree = "<group>";
		};
		AE51AE0C249FD66A0040130C /* Models */ = {
			isa = PBXGroup;
			children = (
				AE51AE0D249FD6910040130C /* DataController.swift */,
				AE51AE0F249FD6C50040130C /* VirtualTourist.xcdatamodeld */,
				AE6571E924A6585200FDC8BF /* API.swift */,
				AE59162524AE217A0088E87C /* Constants.swift */,
			);
			path = Models;
			sourceTree = "<group>";
		};
		AE6571E624A6536900FDC8BF /* View */ = {
			isa = PBXGroup;
			children = (
				AE6571E724A6538800FDC8BF /* PhotoAlbumCollectionViewCell.swift */,
			);
			path = View;
			sourceTree = "<group>";
		};
		AEE452F32497F91400E9D488 = {
			isa = PBXGroup;
			children = (
				AEE452FE2497F91400E9D488 /* Virtual Tourist */,
				AEE453152497F91800E9D488 /* Virtual TouristTests */,
				AEE452FD2497F91400E9D488 /* Products */,
			);
			sourceTree = "<group>";
		};
		AEE452FD2497F91400E9D488 /* Products */ = {
			isa = PBXGroup;
			children = (
				AEE452FC2497F91400E9D488 /* Virtual Tourist.app */,
				AEE453122497F91800E9D488 /* Virtual TouristTests.xctest */,
			);
			name = Products;
			sourceTree = "<group>";
		};
		AEE452FE2497F91400E9D488 /* Virtual Tourist */ = {
			isa = PBXGroup;
			children = (
				AEE452FF2497F91400E9D488 /* AppDelegate.swift */,
				AEE453012497F91400E9D488 /* SceneDelegate.swift */,
				AE51AE0C249FD66A0040130C /* Models */,
				AE6571E624A6536900FDC8BF /* View */,
				AE51AE0B249F7A4B0040130C /* Controllers */,
				AE51AE0A249F7A1E0040130C /* Storyboards and assets */,
				AEE4530D2497F91800E9D488 /* Info.plist */,
			);
			path = "Virtual Tourist";
			sourceTree = "<group>";
		};
		AEE453152497F91800E9D488 /* Virtual TouristTests */ = {
			isa = PBXGroup;
			children = (
				AEE453162497F91800E9D488 /* Virtual_TouristTests.swift */,
				AEE453182497F91800E9D488 /* Info.plist */,
			);
			path = "Virtual TouristTests";
			sourceTree = "<group>";
		};
/* End PBXGroup section */

/* Begin PBXNativeTarget section */
		AEE452FB2497F91400E9D488 /* Virtual Tourist */ = {
			isa = PBXNativeTarget;
			buildConfigurationList = AEE4531B2497F91800E9D488 /* Build configuration list for PBXNativeTarget "Virtual Tourist" */;
			buildPhases = (
				AEE452F82497F91400E9D488 /* Sources */,
				AEE452F92497F91400E9D488 /* Frameworks */,
				AEE452FA2497F91400E9D488 /* Resources */,
			);
			buildRules = (
			);
			dependencies = (
			);
			name = "Virtual Tourist";
			productName = "Virtual Tourist";
			productReference = AEE452FC2497F91400E9D488 /* Virtual Tourist.app */;
			productType = "com.apple.product-type.application";
		};
		AEE453112497F91800E9D488 /* Virtual TouristTests */ = {
			isa = PBXNativeTarget;
			buildConfigurationList = AEE4531E2497F91800E9D488 /* Build configuration list for PBXNativeTarget "Virtual TouristTests" */;
			buildPhases = (
				AEE4530E2497F91800E9D488 /* Sources */,
				AEE4530F2497F91800E9D488 /* Frameworks */,
				AEE453102497F91800E9D488 /* Resources */,
			);
			buildRules = (
			);
			dependencies = (
				AEE453142497F91800E9D488 /* PBXTargetDependency */,
			);
			name = "Virtual TouristTests";
			productName = "Virtual TouristTests";
			productReference = AEE453122497F91800E9D488 /* Virtual TouristTests.xctest */;
			productType = "com.apple.product-type.bundle.unit-test";
		};
/* End PBXNativeTarget section */

/* Begin PBXProject section */
		AEE452F42497F91400E9D488 /* Project object */ = {
			isa = PBXProject;
			attributes = {
				LastSwiftUpdateCheck = 1150;
				LastUpgradeCheck = 1150;
				ORGANIZATIONNAME = "Mohammad Salhab";
				TargetAttributes = {
					AEE452FB2497F91400E9D488 = {
						CreatedOnToolsVersion = 11.5;
					};
					AEE453112497F91800E9D488 = {
						CreatedOnToolsVersion = 11.5;
						TestTargetID = AEE452FB2497F91400E9D488;
					};
				};
			};
			buildConfigurationList = AEE452F72497F91400E9D488 /* Build configuration list for PBXProject "Virtual Tourist" */;
			compatibilityVersion = "Xcode 9.3";
			developmentRegion = en;
			hasScannedForEncodings = 0;
			knownRegions = (
				en,
				Base,
			);
			mainGroup = AEE452F32497F91400E9D488;
			productRefGroup = AEE452FD2497F91400E9D488 /* Products */;
			projectDirPath = "";
			projectRoot = "";
			targets = (
				AEE452FB2497F91400E9D488 /* Virtual Tourist */,
				AEE453112497F91800E9D488 /* Virtual TouristTests */,
			);
		};
/* End PBXProject section */

/* Begin PBXResourcesBuildPhase section */
		AEE452FA2497F91400E9D488 /* Resources */ = {
			isa = PBXResourcesBuildPhase;
			buildActionMask = 2147483647;
			files = (
				AEE4530C2497F91800E9D488 /* LaunchScreen.storyboard in Resources */,
				AEE453092497F91800E9D488 /* Assets.xcassets in Resources */,
				AEE453072497F91400E9D488 /* Main.storyboard in Resources */,
			);
			runOnlyForDeploymentPostprocessing = 0;
		};
		AEE453102497F91800E9D488 /* Resources */ = {
			isa = PBXResourcesBuildPhase;
			buildActionMask = 2147483647;
			files = (
			);
			runOnlyForDeploymentPostprocessing = 0;
		};
/* End PBXResourcesBuildPhase section */

/* Begin PBXSourcesBuildPhase section */
		AEE452F82497F91400E9D488 /* Sources */ = {
			isa = PBXSourcesBuildPhase;
			buildActionMask = 2147483647;
			files = (
				AEE453042497F91400E9D488 /* MapViewController.swift in Sources */,
				AE51AE11249FD6C50040130C /* VirtualTourist.xcdatamodeld in Sources */,
				AE51AE0E249FD6910040130C /* DataController.swift in Sources */,
				AEAA390E24A3D96500BA7E81 /* PhotoAlbumViewController.swift in Sources */,
				AEE453002497F91400E9D488 /* AppDelegate.swift in Sources */,
				AE59162624AE217A0088E87C /* Constants.swift in Sources */,
				AEBC3B0324AB0F3000960283 /* PhotoViewController.swift in Sources */,
				AEE453022497F91400E9D488 /* SceneDelegate.swift in Sources */,
				AE6571EA24A6585200FDC8BF /* API.swift in Sources */,
				AE6571E824A6538800FDC8BF /* PhotoAlbumCollectionViewCell.swift in Sources */,
			);
			runOnlyForDeploymentPostprocessing = 0;
		};
		AEE4530E2497F91800E9D488 /* Sources */ = {
			isa = PBXSourcesBuildPhase;
			buildActionMask = 2147483647;
			files = (
				AEE453172497F91800E9D488 /* Virtual_TouristTests.swift in Sources */,
			);
			runOnlyForDeploymentPostprocessing = 0;
		};
/* End PBXSourcesBuildPhase section */

/* Begin PBXTargetDependency section */
		AEE453142497F91800E9D488 /* PBXTargetDependency */ = {
			isa = PBXTargetDependency;
			target = AEE452FB2497F91400E9D488 /* Virtual Tourist */;
			targetProxy = AEE453132497F91800E9D488 /* PBXContainerItemProxy */;
		};
/* End PBXTargetDependency section */

/* Begin PBXVariantGroup section */
		AEE453052497F91400E9D488 /* Main.storyboard */ = {
			isa = PBXVariantGroup;
			children = (
				AEE453062497F91400E9D488 /* Base */,
			);
			name = Main.storyboard;
			sourceTree = "<group>";
		};
		AEE4530A2497F91800E9D488 /* LaunchScreen.storyboard */ = {
			isa = PBXVariantGroup;
			children = (
				AEE4530B2497F91800E9D488 /* Base */,
			);
			name = LaunchScreen.storyboard;
			sourceTree = "<group>";
		};
/* End PBXVariantGroup section */

/* Begin XCBuildConfiguration section */
		AEE453192497F91800E9D488 /* Debug */ = {
			isa = XCBuildConfiguration;
			buildSettings = {
				ALWAYS_SEARCH_USER_PATHS = NO;
				CLANG_ANALYZER_NONNULL = YES;
				CLANG_ANALYZER_NUMBER_OBJECT_CONVERSION = YES_AGGRESSIVE;
				CLANG_CXX_LANGUAGE_STANDARD = "gnu++14";
				CLANG_CXX_LIBRARY = "libc++";
				CLANG_ENABLE_MODULES = YES;
				CLANG_ENABLE_OBJC_ARC = YES;
				CLANG_ENABLE_OBJC_WEAK = YES;
				CLANG_WARN_BLOCK_CAPTURE_AUTORELEASING = YES;
				CLANG_WARN_BOOL_CONVERSION = YES;
				CLANG_WARN_COMMA = YES;
				CLANG_WARN_CONSTANT_CONVERSION = YES;
				CLANG_WARN_DEPRECATED_OBJC_IMPLEMENTATIONS = YES;
				CLANG_WARN_DIRECT_OBJC_ISA_USAGE = YES_ERROR;
				CLANG_WARN_DOCUMENTATION_COMMENTS = YES;
				CLANG_WARN_EMPTY_BODY = YES;
				CLANG_WARN_ENUM_CONVERSION = YES;
				CLANG_WARN_INFINITE_RECURSION = YES;
				CLANG_WARN_INT_CONVERSION = YES;
				CLANG_WARN_NON_LITERAL_NULL_CONVERSION = YES;
				CLANG_WARN_OBJC_IMPLICIT_RETAIN_SELF = YES;
				CLANG_WARN_OBJC_LITERAL_CONVERSION = YES;
				CLANG_WARN_OBJC_ROOT_CLASS = YES_ERROR;
				CLANG_WARN_RANGE_LOOP_ANALYSIS = YES;
				CLANG_WARN_STRICT_PROTOTYPES = YES;
				CLANG_WARN_SUSPICIOUS_MOVE = YES;
				CLANG_WARN_UNGUARDED_AVAILABILITY = YES_AGGRESSIVE;
				CLANG_WARN_UNREACHABLE_CODE = YES;
				CLANG_WARN__DUPLICATE_METHOD_MATCH = YES;
				COPY_PHASE_STRIP = NO;
				DEBUG_INFORMATION_FORMAT = dwarf;
				ENABLE_STRICT_OBJC_MSGSEND = YES;
				ENABLE_TESTABILITY = YES;
				GCC_C_LANGUAGE_STANDARD = gnu11;
				GCC_DYNAMIC_NO_PIC = NO;
				GCC_NO_COMMON_BLOCKS = YES;
				GCC_OPTIMIZATION_LEVEL = 0;
				GCC_PREPROCESSOR_DEFINITIONS = (
					"DEBUG=1",
					"$(inherited)",
				);
				GCC_WARN_64_TO_32_BIT_CONVERSION = YES;
				GCC_WARN_ABOUT_RETURN_TYPE = YES_ERROR;
				GCC_WARN_UNDECLARED_SELECTOR = YES;
				GCC_WARN_UNINITIALIZED_AUTOS = YES_AGGRESSIVE;
				GCC_WARN_UNUSED_FUNCTION = YES;
				GCC_WARN_UNUSED_VARIABLE = YES;
				IPHONEOS_DEPLOYMENT_TARGET = 13.5;
				MTL_ENABLE_DEBUG_INFO = INCLUDE_SOURCE;
				MTL_FAST_MATH = YES;
				ONLY_ACTIVE_ARCH = YES;
				SDKROOT = iphoneos;
				SWIFT_ACTIVE_COMPILATION_CONDITIONS = DEBUG;
				SWIFT_OPTIMIZATION_LEVEL = "-Onone";
			};
			name = Debug;
		};
		AEE4531A2497F91800E9D488 /* Release */ = {
			isa = XCBuildConfiguration;
			buildSettings = {
				ALWAYS_SEARCH_USER_PATHS = NO;
				CLANG_ANALYZER_NONNULL = YES;
				CLANG_ANALYZER_NUMBER_OBJECT_CONVERSION = YES_AGGRESSIVE;
				CLANG_CXX_LANGUAGE_STANDARD = "gnu++14";
				CLANG_CXX_LIBRARY = "libc++";
				CLANG_ENABLE_MODULES = YES;
				CLANG_ENABLE_OBJC_ARC = YES;
				CLANG_ENABLE_OBJC_WEAK = YES;
				CLANG_WARN_BLOCK_CAPTURE_AUTORELEASING = YES;
				CLANG_WARN_BOOL_CONVERSION = YES;
				CLANG_WARN_COMMA = YES;
				CLANG_WARN_CONSTANT_CONVERSION = YES;
				CLANG_WARN_DEPRECATED_OBJC_IMPLEMENTATIONS = YES;
				CLANG_WARN_DIRECT_OBJC_ISA_USAGE = YES_ERROR;
				CLANG_WARN_DOCUMENTATION_COMMENTS = YES;
				CLANG_WARN_EMPTY_BODY = YES;
				CLANG_WARN_ENUM_CONVERSION = YES;
				CLANG_WARN_INFINITE_RECURSION = YES;
				CLANG_WARN_INT_CONVERSION = YES;
				CLANG_WARN_NON_LITERAL_NULL_CONVERSION = YES;
				CLANG_WARN_OBJC_IMPLICIT_RETAIN_SELF = YES;
				CLANG_WARN_OBJC_LITERAL_CONVERSION = YES;
				CLANG_WARN_OBJC_ROOT_CLASS = YES_ERROR;
				CLANG_WARN_RANGE_LOOP_ANALYSIS = YES;
				CLANG_WARN_STRICT_PROTOTYPES = YES;
				CLANG_WARN_SUSPICIOUS_MOVE = YES;
				CLANG_WARN_UNGUARDED_AVAILABILITY = YES_AGGRESSIVE;
				CLANG_WARN_UNREACHABLE_CODE = YES;
				CLANG_WARN__DUPLICATE_METHOD_MATCH = YES;
				COPY_PHASE_STRIP = NO;
				DEBUG_INFORMATION_FORMAT = "dwarf-with-dsym";
				ENABLE_NS_ASSERTIONS = NO;
				ENABLE_STRICT_OBJC_MSGSEND = YES;
				GCC_C_LANGUAGE_STANDARD = gnu11;
				GCC_NO_COMMON_BLOCKS = YES;
				GCC_WARN_64_TO_32_BIT_CONVERSION = YES;
				GCC_WARN_ABOUT_RETURN_TYPE = YES_ERROR;
				GCC_WARN_UNDECLARED_SELECTOR = YES;
				GCC_WARN_UNINITIALIZED_AUTOS = YES_AGGRESSIVE;
				GCC_WARN_UNUSED_FUNCTION = YES;
				GCC_WARN_UNUSED_VARIABLE = YES;
				IPHONEOS_DEPLOYMENT_TARGET = 13.5;
				MTL_ENABLE_DEBUG_INFO = NO;
				MTL_FAST_MATH = YES;
				SDKROOT = iphoneos;
				SWIFT_COMPILATION_MODE = wholemodule;
				SWIFT_OPTIMIZATION_LEVEL = "-O";
				VALIDATE_PRODUCT = YES;
			};
			name = Release;
		};
		AEE4531C2497F91800E9D488 /* Debug */ = {
			isa = XCBuildConfiguration;
			buildSettings = {
				ASSETCATALOG_COMPILER_APPICON_NAME = AppIcon;
				CODE_SIGN_STYLE = Automatic;
				INFOPLIST_FILE = "Virtual Tourist/Info.plist";
				LD_RUNPATH_SEARCH_PATHS = (
					"$(inherited)",
					"@executable_path/Frameworks",
				);
				PRODUCT_BUNDLE_IDENTIFIER = "Mohammad.Virtual-Tourist";
				PRODUCT_NAME = "$(TARGET_NAME)";
				SWIFT_VERSION = 5.0;
				TARGETED_DEVICE_FAMILY = "1,2";
			};
			name = Debug;
		};
		AEE4531D2497F91800E9D488 /* Release */ = {
			isa = XCBuildConfiguration;
			buildSettings = {
				ASSETCATALOG_COMPILER_APPICON_NAME = AppIcon;
				CODE_SIGN_STYLE = Automatic;
				INFOPLIST_FILE = "Virtual Tourist/Info.plist";
				LD_RUNPATH_SEARCH_PATHS = (
					"$(inherited)",
					"@executable_path/Frameworks",
				);
				PRODUCT_BUNDLE_IDENTIFIER = "Mohammad.Virtual-Tourist";
				PRODUCT_NAME = "$(TARGET_NAME)";
				SWIFT_VERSION = 5.0;
				TARGETED_DEVICE_FAMILY = "1,2";
			};
			name = Release;
		};
		AEE4531F2497F91800E9D488 /* Debug */ = {
			isa = XCBuildConfiguration;
			buildSettings = {
				ALWAYS_EMBED_SWIFT_STANDARD_LIBRARIES = YES;
				BUNDLE_LOADER = "$(TEST_HOST)";
				CODE_SIGN_STYLE = Automatic;
				INFOPLIST_FILE = "Virtual TouristTests/Info.plist";
				IPHONEOS_DEPLOYMENT_TARGET = 13.5;
				LD_RUNPATH_SEARCH_PATHS = (
					"$(inherited)",
					"@executable_path/Frameworks",
					"@loader_path/Frameworks",
				);
				PRODUCT_BUNDLE_IDENTIFIER = "Mohammad.Virtual-TouristTests";
				PRODUCT_NAME = "$(TARGET_NAME)";
				SWIFT_VERSION = 5.0;
				TARGETED_DEVICE_FAMILY = "1,2";
				TEST_HOST = "$(BUILT_PRODUCTS_DIR)/Virtual Tourist.app/Virtual Tourist";
			};
			name = Debug;
		};
		AEE453202497F91800E9D488 /* Release */ = {
			isa = XCBuildConfiguration;
			buildSettings = {
				ALWAYS_EMBED_SWIFT_STANDARD_LIBRARIES = YES;
				BUNDLE_LOADER = "$(TEST_HOST)";
				CODE_SIGN_STYLE = Automatic;
				INFOPLIST_FILE = "Virtual TouristTests/Info.plist";
				IPHONEOS_DEPLOYMENT_TARGET = 13.5;
				LD_RUNPATH_SEARCH_PATHS = (
					"$(inherited)",
					"@executable_path/Frameworks",
					"@loader_path/Frameworks",
				);
				PRODUCT_BUNDLE_IDENTIFIER = "Mohammad.Virtual-TouristTests";
				PRODUCT_NAME = "$(TARGET_NAME)";
				SWIFT_VERSION = 5.0;
				TARGETED_DEVICE_FAMILY = "1,2";
				TEST_HOST = "$(BUILT_PRODUCTS_DIR)/Virtual Tourist.app/Virtual Tourist";
			};
			name = Release;
		};
/* End XCBuildConfiguration section */

/* Begin XCConfigurationList section */
		AEE452F72497F91400E9D488 /* Build configuration list for PBXProject "Virtual Tourist" */ = {
			isa = XCConfigurationList;
			buildConfigurations = (
				AEE453192497F91800E9D488 /* Debug */,
				AEE4531A2497F91800E9D488 /* Release */,
			);
			defaultConfigurationIsVisible = 0;
			defaultConfigurationName = Release;
		};
		AEE4531B2497F91800E9D488 /* Build configuration list for PBXNativeTarget "Virtual Tourist" */ = {
			isa = XCConfigurationList;
			buildConfigurations = (
				AEE4531C2497F91800E9D488 /* Debug */,
				AEE4531D2497F91800E9D488 /* Release */,
			);
			defaultConfigurationIsVisible = 0;
			defaultConfigurationName = Release;
		};
		AEE4531E2497F91800E9D488 /* Build configuration list for PBXNativeTarget "Virtual TouristTests" */ = {
			isa = XCConfigurationList;
			buildConfigurations = (
				AEE4531F2497F91800E9D488 /* Debug */,
				AEE453202497F91800E9D488 /* Release */,
			);
			defaultConfigurationIsVisible = 0;
			defaultConfigurationName = Release;
		};
/* End XCConfigurationList section */

/* Begin XCVersionGroup section */
		AE51AE0F249FD6C50040130C /* VirtualTourist.xcdatamodeld */ = {
			isa = XCVersionGroup;
			children = (
				AE51AE10249FD6C50040130C /* VirtualTourist.xcdatamodel */,
			);
			currentVersion = AE51AE10249FD6C50040130C /* VirtualTourist.xcdatamodel */;
			path = VirtualTourist.xcdatamodeld;
			sourceTree = "<group>";
			versionGroupType = wrapper.xcdatamodel;
		};
/* End XCVersionGroup section */
	};
	rootObject = AEE452F42497F91400E9D488 /* Project object */;
}
